
Microsoft Visual Studio Solution File, Format Version 12.00
# Visual Studio Version 17
VisualStudioVersion = 17.3.32929.385
MinimumVisualStudioVersion = 10.0.40219.1
Project("{FAE04EC0-301F-11D3-BF4B-00C04F79EFBC}") = "Task2", "Task2\Task2.csproj", "{2B1EAF3B-4A37-48A2-B20B-E255F6FC816B}"
EndProject
Global
	GlobalSection(SolutionConfigurationPlatforms) = preSolution
		Debug|Any CPU = Debug|Any CPU
		Release|Any CPU = Release|Any CPU
	EndGlobalSection
	GlobalSection(ProjectConfigurationPlatforms) = postSolution
		{2B1EAF3B-4A37-48A2-B20B-E255F6FC816B}.Debug|Any CPU.ActiveCfg = Debug|Any CPU
		{2B1EAF3B-4A37-48A2-B20B-E255F6FC816B}.Debug|Any CPU.Build.0 = Debug|Any CPU
		{2B1EAF3B-4A37-48A2-B20B-E255F6FC816B}.Release|Any CPU.ActiveCfg = Release|Any CPU
		{2B1EAF3B-4A37-48A2-B20B-E255F6FC816B}.Release|Any CPU.Build.0 = Release|Any CPU
	EndGlobalSection
	GlobalSection(SolutionProperties) = preSolution
		HideSolutionNode = FALSE
	EndGlobalSection
	GlobalSection(ExtensibilityGlobals) = postSolution
		SolutionGuid = {655871BF-235A-4CBB-AE1E-069A5AD6BAAF}
	EndGlobalSection
EndGlobal
